SGLANG_IMAGE=lmsysorg/sglang:glm-5.3-flash@sha256:e6f5482505e7502f791fe4615ad1fbec118cbbd6b44e98f2479b16b98b985ad6
SLIME_REPOSITORY=https://github.com/imvladikon/slime.git
MEGATRON_REPOSITORY=https://github.com/imvladikon/Megatron-LM.git
MEGATRON_COMMIT=d53ff11c6036349f7f971a46c0c2baf48bee012b
SGLANG_REPOSITORY=https://github.com/imvladikon/sglang.git
SGLANG_COMMIT=b33136a11b2eb129550f083adcc8d289cd20e677
TRANSFORMER_ENGINE_CUDA_ARCHS='90;100a;103a'
DEEPEP_CUDA_ARCH_LIST=9.0
DEEPEP_PACKAGE_VERSION=0.1.2
DEEPGEMM_PACKAGE_VERSION=0.1.5.post3
FULL_MODEL_REPOSITORY=zai-org/GLM-5.3-Flash
FULL_MODEL_REVISION=04c4e9e95c5da8862dced7e5056455116f83a7e0
FULL_CONFIG_SHA256=bb8f01c42cb92a52ca72e65afb4d5bd8d11aef083cd210e8de25dfb904f23e9f
FULL_INDEX_SHA256=3c3f40366a53c3fd7974b4eab7881a365a98c2a4329150befebab99fe7c18b05
FULL_HEADERS_SHA256=b01c2e4b5ed1595b7ad2cbcc9b70800a1f0009651f8581fa342c36ed41cdd813
TINY_MODEL_REPOSITORY=inference-optimization/GLM-5.3-Flash-0.1B-A0.1B
TINY_MODEL_REVISION=7c3a6d3dc51732dd8ab230888e06ba8c93a381ac
TINY_MODEL_SHA256=0f0645f3da199f6c2f381c4f50f2729d6e455dbd3e87f91974202807ee1e5df8
TINY_NORMALIZED_MODEL_SHA256=c8859ffe8b82f4e7346f49abaef98b52378f95a32df2c32e18b5156890857d84
TINY_NORMALIZED_CONFIG_SHA256=ffe59c74dc9f3bcb9eec45129e1d0d57891c183769462035924aa42968d7e34f
