SGLANG_IMAGE=lmsysorg/sglang:glm-5.3-flash@sha256:e6f5482505e7502f791fe4615ad1fbec118cbbd6b44e98f2479b16b98b985ad6
MEGATRON_REPOSITORY=https://github.com/imvladikon/Megatron-LM.git
MEGATRON_COMMIT=630d81f0d3ffe2e178973470bfe7ff0d3dc45333
SGLANG_REPOSITORY=https://github.com/imvladikon/sglang.git
SGLANG_COMMIT=9e89492422bdca00ac643e78d7c62f5df8a59e49
FULL_MODEL_REPOSITORY=zai-org/GLM-5.3-Flash
FULL_MODEL_REVISION=04c4e9e95c5da8862dced7e5056455116f83a7e0
TINY_MODEL_REPOSITORY=inference-optimization/GLM-5.3-Flash-0.1B-A0.1B
TINY_MODEL_REVISION=7c3a6d3dc51732dd8ab230888e06ba8c93a381ac
TINY_MODEL_SHA256=0f0645f3da199f6c2f381c4f50f2729d6e455dbd3e87f91974202807ee1e5df8
TINY_NORMALIZED_MODEL_SHA256=c8859ffe8b82f4e7346f49abaef98b52378f95a32df2c32e18b5156890857d84
